
Microsoft Visual Studio Solution File, Format Version 12.00
# Visual Studio Version 17
VisualStudioVersion = 17.8.34309.116
MinimumVisualStudioVersion = 10.0.40219.1
Project("{FAE04EC0-301F-11D3-BF4B-00C04F79EFBC}") = "Formulario", "Formulario\Formulario.csproj", "{C1A108FF-E04A-42E5-BC2E-EBA5D11979FD}"
EndProject
Global
	GlobalSection(SolutionConfigurationPlatforms) = preSolution
		Debug|Any CPU = Debug|Any CPU
		Release|Any CPU = Release|Any CPU
	EndGlobalSection
	GlobalSection(ProjectConfigurationPlatforms) = postSolution
		{C1A108FF-E04A-42E5-BC2E-EBA5D11979FD}.Debug|Any CPU.ActiveCfg = Debug|Any CPU
		{C1A108FF-E04A-42E5-BC2E-EBA5D11979FD}.Debug|Any CPU.Build.0 = Debug|Any CPU
		{C1A108FF-E04A-42E5-BC2E-EBA5D11979FD}.Release|Any CPU.ActiveCfg = Release|Any CPU
		{C1A108FF-E04A-42E5-BC2E-EBA5D11979FD}.Release|Any CPU.Build.0 = Release|Any CPU
	EndGlobalSection
	GlobalSection(SolutionProperties) = preSolution
		HideSolutionNode = FALSE
	EndGlobalSection
	GlobalSection(ExtensibilityGlobals) = postSolution
		SolutionGuid = {9908E193-B7CD-46D4-B59E-1EB3D9F2F340}
	EndGlobalSection
EndGlobal
